{
  "name": "gridsome-starter-blog",
  "requires": true,
  "lockfileVersion": 1,
  "dependencies": {
    "vue": {
      "version": "2.6.10",
      "resolved": "https://registry.npmjs.org/vue/-/vue-2.6.10.tgz",
      "integrity": "sha512-ImThpeNU9HbdZL3utgMCq0oiMzAkt1mcgy3/E6zWC/G6AaQoeuFdsl9nDhTDU3X1R6FK7nsIUuRACVcjI+A2GQ=="
    },
    "vue-read-progress": {
      "version": "1.0.2",
      "resolved": "https://registry.npmjs.org/vue-read-progress/-/vue-read-progress-1.0.2.tgz",
      "integrity": "sha512-GqAoIqqPt2/4RSTk/TBGeao8aIbnjc3Xqh34A7GXUKg0mbWQkIS82mhezfiChA6SXvUMIFrOLHiF4I/W0jk7sA==",
      "requires": {
        "vue": "^2.6.10"
      }
    }
  }
}
